
Microsoft Visual Studio Solution File, Format Version 12.00
# Visual Studio Version 16
VisualStudioVersion = 16.0.29409.12
MinimumVisualStudioVersion = 10.0.40219.1
Project("{9A19103F-16F7-4668-BE54-9A1E7A4F7556}") = "Star.Core", "Star.Core\Star.Core.csproj", "{44395006-747F-4636-B82B-4D4F6A6F7623}"
EndProject
Project("{9A19103F-16F7-4668-BE54-9A1E7A4F7556}") = "Star.Marching.Console", "Star.Marching.Console\Star.Marching.Console.csproj", "{F41EA360-9A51-4477-AE99-EF7C0D2707DF}"
EndProject
Project("{9A19103F-16F7-4668-BE54-9A1E7A4F7556}") = "Star.Mqtt.Console", "Star.Mqtt.Console\Star.Mqtt.Console.csproj", "{24AED24B-DE94-46EF-9E20-4FE47667A9A9}"
EndProject
Project("{9A19103F-16F7-4668-BE54-9A1E7A4F7556}") = "Star.Twinkle.Console", "Star.Twinkle.Console\Star.Twinkle.Console.csproj", "{D1EEBA6A-7C07-4F9C-A4B6-2BD8D6738298}"
EndProject
Project("{2150E333-8FDC-42A3-9474-1A3956D46DE8}") = "Repository", "Repository", "{DE4D7038-2FBB-47C0-9765-4127CA5E93DE}"
	ProjectSection(SolutionItems) = preProject
		..\LICENSE = ..\LICENSE
		..\ReadMe.md = ..\ReadMe.md
	EndProjectSection
EndProject
Global
	GlobalSection(SolutionConfigurationPlatforms) = preSolution
		Debug|Any CPU = Debug|Any CPU
		Release|Any CPU = Release|Any CPU
	EndGlobalSection
	GlobalSection(ProjectConfigurationPlatforms) = postSolution
		{44395006-747F-4636-B82B-4D4F6A6F7623}.Debug|Any CPU.ActiveCfg = Debug|Any CPU
		{44395006-747F-4636-B82B-4D4F6A6F7623}.Debug|Any CPU.Build.0 = Debug|Any CPU
		{44395006-747F-4636-B82B-4D4F6A6F7623}.Release|Any CPU.ActiveCfg = Release|Any CPU
		{44395006-747F-4636-B82B-4D4F6A6F7623}.Release|Any CPU.Build.0 = Release|Any CPU
		{F41EA360-9A51-4477-AE99-EF7C0D2707DF}.Debug|Any CPU.ActiveCfg = Debug|Any CPU
		{F41EA360-9A51-4477-AE99-EF7C0D2707DF}.Debug|Any CPU.Build.0 = Debug|Any CPU
		{F41EA360-9A51-4477-AE99-EF7C0D2707DF}.Release|Any CPU.ActiveCfg = Release|Any CPU
		{F41EA360-9A51-4477-AE99-EF7C0D2707DF}.Release|Any CPU.Build.0 = Release|Any CPU
		{24AED24B-DE94-46EF-9E20-4FE47667A9A9}.Debug|Any CPU.ActiveCfg = Debug|Any CPU
		{24AED24B-DE94-46EF-9E20-4FE47667A9A9}.Debug|Any CPU.Build.0 = Debug|Any CPU
		{24AED24B-DE94-46EF-9E20-4FE47667A9A9}.Release|Any CPU.ActiveCfg = Release|Any CPU
		{24AED24B-DE94-46EF-9E20-4FE47667A9A9}.Release|Any CPU.Build.0 = Release|Any CPU
		{D1EEBA6A-7C07-4F9C-A4B6-2BD8D6738298}.Debug|Any CPU.ActiveCfg = Debug|Any CPU
		{D1EEBA6A-7C07-4F9C-A4B6-2BD8D6738298}.Debug|Any CPU.Build.0 = Debug|Any CPU
		{D1EEBA6A-7C07-4F9C-A4B6-2BD8D6738298}.Release|Any CPU.ActiveCfg = Release|Any CPU
		{D1EEBA6A-7C07-4F9C-A4B6-2BD8D6738298}.Release|Any CPU.Build.0 = Release|Any CPU
	EndGlobalSection
	GlobalSection(SolutionProperties) = preSolution
		HideSolutionNode = FALSE
	EndGlobalSection
	GlobalSection(ExtensibilityGlobals) = postSolution
		SolutionGuid = {579D988A-1C2C-4842-B1F9-745C49B0994E}
	EndGlobalSection
EndGlobal
